
Microsoft Visual Studio Solution File, Format Version 12.00
# Visual Studio Version 17
VisualStudioVersion = 17.5.33530.505
MinimumVisualStudioVersion = 10.0.40219.1
Project("{FAE04EC0-301F-11D3-BF4B-00C04F79EFBC}") = "DiffEngine", "DiffEngine\DiffEngine.csproj", "{6FB5DAC7-1804-421D-ACE5-C1B493AA80FF}"
EndProject
Project("{FAE04EC0-301F-11D3-BF4B-00C04F79EFBC}") = "UserInterface", "UserInterface\UserInterface.csproj", "{7C1D24D6-73D2-4A85-AE81-D0261F461731}"
EndProject
Global
	GlobalSection(SolutionConfigurationPlatforms) = preSolution
		Debug|Any CPU = Debug|Any CPU
		Release|Any CPU = Release|Any CPU
	EndGlobalSection
	GlobalSection(ProjectConfigurationPlatforms) = postSolution
		{6FB5DAC7-1804-421D-ACE5-C1B493AA80FF}.Debug|Any CPU.ActiveCfg = Debug|Any CPU
		{6FB5DAC7-1804-421D-ACE5-C1B493AA80FF}.Debug|Any CPU.Build.0 = Debug|Any CPU
		{6FB5DAC7-1804-421D-ACE5-C1B493AA80FF}.Release|Any CPU.ActiveCfg = Release|Any CPU
		{6FB5DAC7-1804-421D-ACE5-C1B493AA80FF}.Release|Any CPU.Build.0 = Release|Any CPU
		{7C1D24D6-73D2-4A85-AE81-D0261F461731}.Debug|Any CPU.ActiveCfg = Debug|Any CPU
		{7C1D24D6-73D2-4A85-AE81-D0261F461731}.Debug|Any CPU.Build.0 = Debug|Any CPU
		{7C1D24D6-73D2-4A85-AE81-D0261F461731}.Release|Any CPU.ActiveCfg = Release|Any CPU
		{7C1D24D6-73D2-4A85-AE81-D0261F461731}.Release|Any CPU.Build.0 = Release|Any CPU
	EndGlobalSection
	GlobalSection(SolutionProperties) = preSolution
		HideSolutionNode = FALSE
	EndGlobalSection
	GlobalSection(ExtensibilityGlobals) = postSolution
		SolutionGuid = {3B98F136-BE94-4A7B-A798-0F0949D71DB1}
	EndGlobalSection
EndGlobal
